
Microsoft Visual Studio Solution File, Format Version 12.00
# Visual Studio Version 17
VisualStudioVersion = 17.10.35027.167
MinimumVisualStudioVersion = 10.0.40219.1
Project("{888888A0-9F3D-457C-B088-3A5042F75D52}") = "webapp04-python", "webapp04-python\webapp04-python.pyproj", "{BCA9DB3D-E734-4E6F-B56F-0BCE8486B265}"
EndProject
Global
	GlobalSection(SolutionConfigurationPlatforms) = preSolution
		Debug|Any CPU = Debug|Any CPU
		Release|Any CPU = Release|Any CPU
	EndGlobalSection
	GlobalSection(ProjectConfigurationPlatforms) = postSolution
		{BCA9DB3D-E734-4E6F-B56F-0BCE8486B265}.Debug|Any CPU.ActiveCfg = Debug|Any CPU
		{BCA9DB3D-E734-4E6F-B56F-0BCE8486B265}.Release|Any CPU.ActiveCfg = Release|Any CPU
	EndGlobalSection
	GlobalSection(SolutionProperties) = preSolution
		HideSolutionNode = FALSE
	EndGlobalSection
	GlobalSection(ExtensibilityGlobals) = postSolution
		SolutionGuid = {5D99FBFE-CD17-4B04-8988-2EAC33AE991D}
	EndGlobalSection
EndGlobal
